
Microsoft Visual Studio Solution File, Format Version 12.00
# Visual Studio 15
VisualStudioVersion = 15.0.28307.1145
MinimumVisualStudioVersion = 10.0.40219.1
Project("{FAE04EC0-301F-11D3-BF4B-00C04F79EFBC}") = "gen3RNGcalc", "gen3RNGcalc\gen3RNGcalc.csproj", "{31AB01E9-C72A-4D7C-97FD-EE1AE1DB0419}"
EndProject
Global
	GlobalSection(SolutionConfigurationPlatforms) = preSolution
		Debug|Any CPU = Debug|Any CPU
		Release|Any CPU = Release|Any CPU
	EndGlobalSection
	GlobalSection(ProjectConfigurationPlatforms) = postSolution
		{31AB01E9-C72A-4D7C-97FD-EE1AE1DB0419}.Debug|Any CPU.ActiveCfg = Debug|Any CPU
		{31AB01E9-C72A-4D7C-97FD-EE1AE1DB0419}.Debug|Any CPU.Build.0 = Debug|Any CPU
		{31AB01E9-C72A-4D7C-97FD-EE1AE1DB0419}.Release|Any CPU.ActiveCfg = Release|Any CPU
		{31AB01E9-C72A-4D7C-97FD-EE1AE1DB0419}.Release|Any CPU.Build.0 = Release|Any CPU
	EndGlobalSection
	GlobalSection(SolutionProperties) = preSolution
		HideSolutionNode = FALSE
	EndGlobalSection
	GlobalSection(ExtensibilityGlobals) = postSolution
		SolutionGuid = {A22B3AFC-882F-4009-A8E5-4066A67E5E0E}
	EndGlobalSection
EndGlobal
