
Microsoft Visual Studio Solution File, Format Version 12.00
# Visual Studio 15
VisualStudioVersion = 15.0.28307.1145
MinimumVisualStudioVersion = 10.0.40219.1
Project("{FAE04EC0-301F-11D3-BF4B-00C04F79EFBC}") = "ConsoleApp1", "ConsoleApp1\ConsoleApp1.csproj", "{7271A5CA-5F1C-4E92-84E0-E419E7F68360}"
EndProject
Global
	GlobalSection(SolutionConfigurationPlatforms) = preSolution
		Debug|Any CPU = Debug|Any CPU
		Release|Any CPU = Release|Any CPU
	EndGlobalSection
	GlobalSection(ProjectConfigurationPlatforms) = postSolution
		{7271A5CA-5F1C-4E92-84E0-E419E7F68360}.Debug|Any CPU.ActiveCfg = Debug|Any CPU
		{7271A5CA-5F1C-4E92-84E0-E419E7F68360}.Debug|Any CPU.Build.0 = Debug|Any CPU
		{7271A5CA-5F1C-4E92-84E0-E419E7F68360}.Release|Any CPU.ActiveCfg = Release|Any CPU
		{7271A5CA-5F1C-4E92-84E0-E419E7F68360}.Release|Any CPU.Build.0 = Release|Any CPU
	EndGlobalSection
	GlobalSection(SolutionProperties) = preSolution
		HideSolutionNode = FALSE
	EndGlobalSection
	GlobalSection(ExtensibilityGlobals) = postSolution
		SolutionGuid = {0C98B648-D05A-464A-96B2-F107053FB917}
	EndGlobalSection
EndGlobal
